
Microsoft Visual Studio Solution File, Format Version 12.00
# Visual Studio Version 17
VisualStudioVersion = 17.2.32630.192
MinimumVisualStudioVersion = 10.0.40219.1
Project("{9A19103F-16F7-4668-BE54-9A1E7A4F7556}") = "Entities", "Entities\Entities.csproj", "{94818B79-73D8-41BC-B332-0CC88493833D}"
EndProject
Project("{9A19103F-16F7-4668-BE54-9A1E7A4F7556}") = "DataAccess", "DataAccess\DataAccess.csproj", "{4C630F7C-3662-4A71-B1B2-A6B550CABE7F}"
EndProject
Project("{9A19103F-16F7-4668-BE54-9A1E7A4F7556}") = "Business", "Business\Business.csproj", "{72CA6921-C4C9-4AB2-BEE0-262A42869B20}"
EndProject
Project("{9A19103F-16F7-4668-BE54-9A1E7A4F7556}") = "WebAPI", "WebAPI\WebAPI.csproj", "{FC5414F5-DA51-4A0D-A2E7-76421D8C7819}"
EndProject
Project("{9A19103F-16F7-4668-BE54-9A1E7A4F7556}") = "Core", "Core\Core.csproj", "{9F2EF438-0CB5-4F85-801F-A8764A584370}"
EndProject
Project("{9A19103F-16F7-4668-BE54-9A1E7A4F7556}") = "MvcWebUI", "MvcWebUI\MvcWebUI.csproj", "{F776FE95-764B-407B-A89A-FD4DE1852546}"
EndProject
Project("{FAE04EC0-301F-11D3-BF4B-00C04F79EFBC}") = "ASPNETMVCCRUD", "ASPNETMVCCRUD\ASPNETMVCCRUD.csproj", "{6663A66E-4F3D-4578-87DD-8FE913E9CF94}"
EndProject
Global
	GlobalSection(SolutionConfigurationPlatforms) = preSolution
		Debug|Any CPU = Debug|Any CPU
		Release|Any CPU = Release|Any CPU
	EndGlobalSection
	GlobalSection(ProjectConfigurationPlatforms) = postSolution
		{94818B79-73D8-41BC-B332-0CC88493833D}.Debug|Any CPU.ActiveCfg = Debug|Any CPU
		{94818B79-73D8-41BC-B332-0CC88493833D}.Debug|Any CPU.Build.0 = Debug|Any CPU
		{94818B79-73D8-41BC-B332-0CC88493833D}.Release|Any CPU.ActiveCfg = Release|Any CPU
		{94818B79-73D8-41BC-B332-0CC88493833D}.Release|Any CPU.Build.0 = Release|Any CPU
		{4C630F7C-3662-4A71-B1B2-A6B550CABE7F}.Debug|Any CPU.ActiveCfg = Debug|Any CPU
		{4C630F7C-3662-4A71-B1B2-A6B550CABE7F}.Debug|Any CPU.Build.0 = Debug|Any CPU
		{4C630F7C-3662-4A71-B1B2-A6B550CABE7F}.Release|Any CPU.ActiveCfg = Release|Any CPU
		{4C630F7C-3662-4A71-B1B2-A6B550CABE7F}.Release|Any CPU.Build.0 = Release|Any CPU
		{72CA6921-C4C9-4AB2-BEE0-262A42869B20}.Debug|Any CPU.ActiveCfg = Debug|Any CPU
		{72CA6921-C4C9-4AB2-BEE0-262A42869B20}.Debug|Any CPU.Build.0 = Debug|Any CPU
		{72CA6921-C4C9-4AB2-BEE0-262A42869B20}.Release|Any CPU.ActiveCfg = Release|Any CPU
		{72CA6921-C4C9-4AB2-BEE0-262A42869B20}.Release|Any CPU.Build.0 = Release|Any CPU
		{FC5414F5-DA51-4A0D-A2E7-76421D8C7819}.Debug|Any CPU.ActiveCfg = Debug|Any CPU
		{FC5414F5-DA51-4A0D-A2E7-76421D8C7819}.Debug|Any CPU.Build.0 = Debug|Any CPU
		{FC5414F5-DA51-4A0D-A2E7-76421D8C7819}.Release|Any CPU.ActiveCfg = Release|Any CPU
		{FC5414F5-DA51-4A0D-A2E7-76421D8C7819}.Release|Any CPU.Build.0 = Release|Any CPU
		{9F2EF438-0CB5-4F85-801F-A8764A584370}.Debug|Any CPU.ActiveCfg = Debug|Any CPU
		{9F2EF438-0CB5-4F85-801F-A8764A584370}.Debug|Any CPU.Build.0 = Debug|Any CPU
		{9F2EF438-0CB5-4F85-801F-A8764A584370}.Release|Any CPU.ActiveCfg = Release|Any CPU
		{9F2EF438-0CB5-4F85-801F-A8764A584370}.Release|Any CPU.Build.0 = Release|Any CPU
		{F776FE95-764B-407B-A89A-FD4DE1852546}.Debug|Any CPU.ActiveCfg = Debug|Any CPU
		{F776FE95-764B-407B-A89A-FD4DE1852546}.Debug|Any CPU.Build.0 = Debug|Any CPU
		{F776FE95-764B-407B-A89A-FD4DE1852546}.Release|Any CPU.ActiveCfg = Release|Any CPU
		{F776FE95-764B-407B-A89A-FD4DE1852546}.Release|Any CPU.Build.0 = Release|Any CPU
		{6663A66E-4F3D-4578-87DD-8FE913E9CF94}.Debug|Any CPU.ActiveCfg = Debug|Any CPU
		{6663A66E-4F3D-4578-87DD-8FE913E9CF94}.Debug|Any CPU.Build.0 = Debug|Any CPU
		{6663A66E-4F3D-4578-87DD-8FE913E9CF94}.Release|Any CPU.ActiveCfg = Release|Any CPU
		{6663A66E-4F3D-4578-87DD-8FE913E9CF94}.Release|Any CPU.Build.0 = Release|Any CPU
	EndGlobalSection
	GlobalSection(SolutionProperties) = preSolution
		HideSolutionNode = FALSE
	EndGlobalSection
	GlobalSection(ExtensibilityGlobals) = postSolution
		SolutionGuid = {EF6EEC69-FCC3-4974-A292-2CF20586909E}
	EndGlobalSection
EndGlobal
